<?xml version="1.0" encoding="utf-8"?>
<Project ToolsVersion="4.0" xmlns="http://schemas.microsoft.com/developer/msbuild/2003">
  <ItemGroup>
    <ClCompile Include="Source\Log.cpp">
      <Filter>Utils</Filter>
    </ClCompile>
    <ClCompile Include="Source\External\PugiXml\src\pugixml.cpp">
      <Filter>External\PugiXml</Filter>
    </ClCompile>
    <ClCompile Include="Source\App.cpp">
      <Filter>Source</Filter>
    </ClCompile>
    <ClCompile Include="Source\Audio.cpp">
      <Filter>Source</Filter>
    </ClCompile>
    <ClCompile Include="Source\EntityManager.cpp">
      <Filter>Source</Filter>
    </ClCompile>
    <ClCompile Include="Source\Input.cpp">
      <Filter>Source</Filter>
    </ClCompile>
    <ClCompile Include="Source\InteractiveParts.cpp">
      <Filter>Source</Filter>
    </ClCompile>
    <ClCompile Include="Source\Main.cpp">
      <Filter>Source</Filter>
    </ClCompile>
    <ClCompile Include="Source\Map.cpp">
      <Filter>Source</Filter>
    </ClCompile>
    <ClCompile Include="Source\Physics.cpp">
      <Filter>Source</Filter>
    </ClCompile>
    <ClCompile Include="Source\Ball.cpp">
      <Filter>Source</Filter>
    </ClCompile>
    <ClCompile Include="Source\Render.cpp">
      <Filter>Source</Filter>
    </ClCompile>
    <ClCompile Include="Source\Scene.cpp">
      <Filter>Source</Filter>
    </ClCompile>
    <ClCompile Include="Source\Textures.cpp">
      <Filter>Source</Filter>
    </ClCompile>
    <ClCompile Include="Source\Window.cpp">
      <Filter>Source</Filter>
    </ClCompile>
    <ClCompile Include="Source\Entity.cpp" />
    <ClCompile Include="Source\Fonts.cpp">
      <Filter>Source</Filter>
    </ClCompile>
  </ItemGroup>
  <ItemGroup>
    <ClInclude Include="Source\Defs.h">
      <Filter>Utils</Filter>
    </ClInclude>
    <ClInclude Include="Source\DynArray.h">
      <Filter>Utils</Filter>
    </ClInclude>
    <ClInclude Include="Source\List.h">
      <Filter>Utils</Filter>
    </ClInclude>
    <ClInclude Include="Source\Log.h">
      <Filter>Utils</Filter>
    </ClInclude>
    <ClInclude Include="Source\Point.h">
      <Filter>Utils</Filter>
    </ClInclude>
    <ClInclude Include="Source\SString.h">
      <Filter>Utils</Filter>
    </ClInclude>
    <ClInclude Include="Source\External\PugiXml\src\pugiconfig.hpp">
      <Filter>External\PugiXml</Filter>
    </ClInclude>
    <ClInclude Include="Source\External\PugiXml\src\pugixml.hpp">
      <Filter>External\PugiXml</Filter>
    </ClInclude>
    <ClInclude Include="Source\Queue.h">
      <Filter>Utils</Filter>
    </ClInclude>
    <ClInclude Include="Source\App.h">
      <Filter>Headers</Filter>
    </ClInclude>
    <ClInclude Include="Source\Audio.h">
      <Filter>Headers</Filter>
    </ClInclude>
    <ClInclude Include="Source\Entity.h">
      <Filter>Headers</Filter>
    </ClInclude>
    <ClInclude Include="Source\EntityManager.h">
      <Filter>Headers</Filter>
    </ClInclude>
    <ClInclude Include="Source\Input.h">
      <Filter>Headers</Filter>
    </ClInclude>
    <ClInclude Include="Source\InteractiveParts.h">
      <Filter>Headers</Filter>
    </ClInclude>
    <ClInclude Include="Source\Map.h">
      <Filter>Headers</Filter>
    </ClInclude>
    <ClInclude Include="Source\Module.h">
      <Filter>Headers</Filter>
    </ClInclude>
    <ClInclude Include="Source\Physics.h">
      <Filter>Headers</Filter>
    </ClInclude>
    <ClInclude Include="Source\Ball.h">
      <Filter>Headers</Filter>
    </ClInclude>
    <ClInclude Include="Source\Render.h">
      <Filter>Headers</Filter>
    </ClInclude>
    <ClInclude Include="Source\Scene.h">
      <Filter>Headers</Filter>
    </ClInclude>
    <ClInclude Include="Source\Textures.h">
      <Filter>Headers</Filter>
    </ClInclude>
    <ClInclude Include="Source\Window.h">
      <Filter>Headers</Filter>
    </ClInclude>
    <ClInclude Include="Source\Animation.h">
      <Filter>Utils</Filter>
    </ClInclude>
    <ClInclude Include="Source\Fonts.h">
      <Filter>Headers</Filter>
    </ClInclude>
  </ItemGroup>
  <ItemGroup>
    <Filter Include="External">
      <UniqueIdentifier>{83a966c7-b4bb-4eff-9c2c-3ff3c7b55a60}</UniqueIdentifier>
    </Filter>
    <Filter Include="Utils">
      <UniqueIdentifier>{2cad778a-d356-48b0-9fee-587f1bbb187e}</UniqueIdentifier>
    </Filter>
    <Filter Include="External\PugiXml">
      <UniqueIdentifier>{2855ff7f-53a1-413d-a75b-18b4ade921dd}</UniqueIdentifier>
    </Filter>
    <Filter Include="Source">
      <UniqueIdentifier>{6bfe4328-93e7-4eb3-8f00-909a7b06cdb3}</UniqueIdentifier>
    </Filter>
    <Filter Include="Headers">
      <UniqueIdentifier>{0e9301da-4b8c-400d-9568-8b833d136e28}</UniqueIdentifier>
    </Filter>
  </ItemGroup>
</Project>